dependencies:
  espressif/led_strip:
    dependencies: []
    source:
      path: C:\Users\19496\ece445esp32\NimBLE_GATT_Server\components\espressif__led_strip
      type: local
    version: 2.5.5
  idf:
    source:
      type: idf
    version: 5.4.1
direct_dependencies:
- espressif/led_strip
- idf
manifest_hash: 5f7bb06ba8507929340ae52c7dc24dae0953b86e8c650b494972bee0397ebb2a
target: esp32
version: 2.0.0
