dependencies:
  espressif/led_strip:
    dependencies: []
    source:
      path: C:\Users\Owner\ece445esp32\NimBLE_GATT_Server\components\espressif__led_strip
      type: local
    version: 2.5.5
  idf:
    source:
      type: idf
    version: 5.4.0
direct_dependencies:
- espressif/led_strip
- idf
manifest_hash: 43f604f30539c18baa5e79cf34ecd443d834e12e0dff8c76e8052e4f0eeb8fe7
target: esp32s3
version: 2.0.0
